
Microsoft Visual Studio Solution File, Format Version 12.00
# Visual Studio Version 16
VisualStudioVersion = 16.0.29324.140
MinimumVisualStudioVersion = 10.0.40219.1
Project("{FAE04EC0-301F-11D3-BF4B-00C04F79EFBC}") = "ServiceBank", "ServiceBank\ServiceBank.csproj", "{059E0374-6EF4-4FB5-BDB0-4F5698BEC710}"
EndProject
Global
	GlobalSection(SolutionConfigurationPlatforms) = preSolution
		Debug|Any CPU = Debug|Any CPU
		Release|Any CPU = Release|Any CPU
	EndGlobalSection
	GlobalSection(ProjectConfigurationPlatforms) = postSolution
		{059E0374-6EF4-4FB5-BDB0-4F5698BEC710}.Debug|Any CPU.ActiveCfg = Debug|Any CPU
		{059E0374-6EF4-4FB5-BDB0-4F5698BEC710}.Debug|Any CPU.Build.0 = Debug|Any CPU
		{059E0374-6EF4-4FB5-BDB0-4F5698BEC710}.Release|Any CPU.ActiveCfg = Release|Any CPU
		{059E0374-6EF4-4FB5-BDB0-4F5698BEC710}.Release|Any CPU.Build.0 = Release|Any CPU
	EndGlobalSection
	GlobalSection(SolutionProperties) = preSolution
		HideSolutionNode = FALSE
	EndGlobalSection
	GlobalSection(ExtensibilityGlobals) = postSolution
		SolutionGuid = {A0C11E32-948A-46A2-AFC4-717745B50C45}
	EndGlobalSection
EndGlobal
